
Microsoft Visual Studio Solution File, Format Version 12.00
# Visual Studio 15
VisualStudioVersion = 15.0.28307.1022
MinimumVisualStudioVersion = 10.0.40219.1
Project("{FAE04EC0-301F-11D3-BF4B-00C04F79EFBC}") = "UE4-Shader-Booster", "UE4-Shader-Booster.csproj", "{E49E41AE-5941-4400-BDB0-A45A7498CB89}"
EndProject
Global
	GlobalSection(SolutionConfigurationPlatforms) = preSolution
		Debug|Any CPU = Debug|Any CPU
		Release|Any CPU = Release|Any CPU
	EndGlobalSection
	GlobalSection(ProjectConfigurationPlatforms) = postSolution
		{E49E41AE-5941-4400-BDB0-A45A7498CB89}.Debug|Any CPU.ActiveCfg = Debug|Any CPU
		{E49E41AE-5941-4400-BDB0-A45A7498CB89}.Debug|Any CPU.Build.0 = Debug|Any CPU
		{E49E41AE-5941-4400-BDB0-A45A7498CB89}.Release|Any CPU.ActiveCfg = Release|Any CPU
		{E49E41AE-5941-4400-BDB0-A45A7498CB89}.Release|Any CPU.Build.0 = Release|Any CPU
	EndGlobalSection
	GlobalSection(SolutionProperties) = preSolution
		HideSolutionNode = FALSE
	EndGlobalSection
	GlobalSection(ExtensibilityGlobals) = postSolution
		SolutionGuid = {38066D91-03A7-493F-A1E6-685E2CB8D079}
	EndGlobalSection
EndGlobal
